lockfileVersion: '6.0'

settings:
  autoInstallPeers: true
  excludeLinksFromLockfile: false

devDependencies:
  cargo-cp-artifact:
    specifier: ^0.1
    version: 0.1.8

packages:

  /cargo-cp-artifact@0.1.8:
    resolution: {integrity: sha512-3j4DaoTrsCD1MRkTF2Soacii0Nx7UHCce0EwUf4fHnggwiE4fbmF2AbnfzayR36DF8KGadfh7M/Yfy625kgPlA==}
    hasBin: true
    dev: true
