lockfileVersion: '6.0'

settings:
  autoInstallPeers: true
  excludeLinksFromLockfile: false

importers:

  .:
    optionalDependencies:
      jslt-node-darwin-arm64:
        specifier: 0.0.1
        version: link:distributions/darwin-arm64
      jslt-node-darwin-x86:
        specifier: 0.0.1
        version: link:distributions/darwin-x86
      jslt-node-linux-x64:
        specifier: 0.0.1
        version: link:distributions/linux-x64
    devDependencies:
      cargo-cp-artifact:
        specifier: ^0.1
        version: 0.1.8

  distributions/darwin-arm64:
    devDependencies:
      cargo-cp-artifact:
        specifier: ^0.1
        version: 0.1.8

  distributions/darwin-x86:
    devDependencies:
      cargo-cp-artifact:
        specifier: ^0.1
        version: 0.1.8

  distributions/linux-x64:
    devDependencies:
      cargo-cp-artifact:
        specifier: ^0.1
        version: 0.1.8

packages:

  /cargo-cp-artifact@0.1.8:
    resolution: {integrity: sha512-3j4DaoTrsCD1MRkTF2Soacii0Nx7UHCce0EwUf4fHnggwiE4fbmF2AbnfzayR36DF8KGadfh7M/Yfy625kgPlA==}
    hasBin: true
    dev: true
