lockfileVersion: '6.0'

settings:
  autoInstallPeers: true
  excludeLinksFromLockfile: false

importers:

  .:
    dependencies:
      detect-libc:
        specifier: ^2.0.3
        version: 2.0.3
    optionalDependencies:
      jslt-node-darwin-arm64:
        specifier: workspace:*
        version: link:distributions/darwin-arm64
      jslt-node-darwin-x64:
        specifier: workspace:*
        version: link:distributions/darwin-x64
      jslt-node-linux-arm64:
        specifier: workspace:*
        version: link:distributions/linux-arm64
      jslt-node-linux-x64:
        specifier: workspace:*
        version: link:distributions/linux-x64
      jslt-node-linuxmusl-arm64:
        specifier: workspace:*
        version: link:distributions/linuxmusl-arm64
      jslt-node-linuxmusl-x64:
        specifier: workspace:*
        version: link:distributions/linuxmusl-x64
      jslt-node-win32-x64:
        specifier: workspace:*
        version: link:distributions/win32-x64
    devDependencies:
      cargo-cp-artifact:
        specifier: ^0.1.9
        version: 0.1.9

  distributions/darwin-arm64:
    devDependencies:
      cargo-cp-artifact:
        specifier: ^0.1
        version: 0.1.8

  distributions/darwin-x64:
    devDependencies:
      cargo-cp-artifact:
        specifier: ^0.1
        version: 0.1.8

  distributions/linux-arm64:
    devDependencies:
      cargo-cp-artifact:
        specifier: ^0.1
        version: 0.1.8

  distributions/linux-x64:
    devDependencies:
      cargo-cp-artifact:
        specifier: ^0.1
        version: 0.1.8

  distributions/linuxmusl-arm64:
    devDependencies:
      cargo-cp-artifact:
        specifier: ^0.1
        version: 0.1.8

  distributions/linuxmusl-x64:
    devDependencies:
      cargo-cp-artifact:
        specifier: ^0.1
        version: 0.1.8

  distributions/win32-x64:
    devDependencies:
      cargo-cp-artifact:
        specifier: ^0.1
        version: 0.1.8

packages:

  /cargo-cp-artifact@0.1.8:
    resolution: {integrity: sha512-3j4DaoTrsCD1MRkTF2Soacii0Nx7UHCce0EwUf4fHnggwiE4fbmF2AbnfzayR36DF8KGadfh7M/Yfy625kgPlA==}
    hasBin: true
    dev: true

  /cargo-cp-artifact@0.1.9:
    resolution: {integrity: sha512-6F+UYzTaGB+awsTXg0uSJA1/b/B3DDJzpKVRu0UmyI7DmNeaAl2RFHuTGIN6fEgpadRxoXGb7gbC1xo4C3IdyA==}
    hasBin: true
    dev: true

  /detect-libc@2.0.3:
    resolution: {integrity: sha512-bwy0MGW55bG41VqxxypOsdSdGqLwXPI/focwgTYCFMbdUiBAxLg9CFzG08sz2aqzknwiX7Hkl0bQENjg8iLByw==}
    engines: {node: '>=8'}
    dev: false
